
Microsoft Visual Studio Solution File, Format Version 12.00
# Visual Studio Version 17
VisualStudioVersion = 17.5.002.0
MinimumVisualStudioVersion = 10.0.40219.1
Project("{9A19103F-16F7-4668-BE54-9A1E7A4F7556}") = "TextEditor", "TextEditor\TextEditor.csproj", "{76902442-8D1D-41D1-A39C-35DB0C6BDBCE}"
EndProject
Global
	GlobalSection(SolutionConfigurationPlatforms) = preSolution
		Debug|Any CPU = Debug|Any CPU
		Release|Any CPU = Release|Any CPU
	EndGlobalSection
	GlobalSection(ProjectConfigurationPlatforms) = postSolution
		{76902442-8D1D-41D1-A39C-35DB0C6BDBCE}.Debug|Any CPU.ActiveCfg = Debug|Any CPU
		{76902442-8D1D-41D1-A39C-35DB0C6BDBCE}.Debug|Any CPU.Build.0 = Debug|Any CPU
		{76902442-8D1D-41D1-A39C-35DB0C6BDBCE}.Release|Any CPU.ActiveCfg = Release|Any CPU
		{76902442-8D1D-41D1-A39C-35DB0C6BDBCE}.Release|Any CPU.Build.0 = Release|Any CPU
	EndGlobalSection
	GlobalSection(SolutionProperties) = preSolution
		HideSolutionNode = FALSE
	EndGlobalSection
	GlobalSection(ExtensibilityGlobals) = postSolution
		SolutionGuid = {E9178D9D-EE80-4CFC-8577-B6AE3A4D8E82}
	EndGlobalSection
EndGlobal
